
Microsoft Visual Studio Solution File, Format Version 12.00
# Visual Studio Version 17
VisualStudioVersion = 17.4.33122.133
MinimumVisualStudioVersion = 10.0.40219.1
Project("{FAE04EC0-301F-11D3-BF4B-00C04F79EFBC}") = "RurhatUZB", "RurhatUZB\RurhatUZB.csproj", "{9650FA26-A509-4706-98CC-A64929D4694A}"
EndProject
Global
	GlobalSection(SolutionConfigurationPlatforms) = preSolution
		Debug|Any CPU = Debug|Any CPU
		Release|Any CPU = Release|Any CPU
	EndGlobalSection
	GlobalSection(ProjectConfigurationPlatforms) = postSolution
		{9650FA26-A509-4706-98CC-A64929D4694A}.Debug|Any CPU.ActiveCfg = Debug|Any CPU
		{9650FA26-A509-4706-98CC-A64929D4694A}.Debug|Any CPU.Build.0 = Debug|Any CPU
		{9650FA26-A509-4706-98CC-A64929D4694A}.Release|Any CPU.ActiveCfg = Release|Any CPU
		{9650FA26-A509-4706-98CC-A64929D4694A}.Release|Any CPU.Build.0 = Release|Any CPU
	EndGlobalSection
	GlobalSection(SolutionProperties) = preSolution
		HideSolutionNode = FALSE
	EndGlobalSection
	GlobalSection(ExtensibilityGlobals) = postSolution
		SolutionGuid = {A03BB8C0-0F3A-40AC-972A-072BBC671912}
	EndGlobalSection
EndGlobal
